
Microsoft Visual Studio Solution File, Format Version 12.00
# Visual Studio 15
VisualStudioVersion = 15.0.26124.0
MinimumVisualStudioVersion = 15.0.26124.0
Project("{2150E333-8FDC-42A3-9474-1A3956D46DE8}") = "src", "src", "{EA40BEEA-7A2B-4F87-9714-88766D8B3BCA}"
EndProject
Project("{9A19103F-16F7-4668-BE54-9A1E7A4F7556}") = "Barebone", "src\Barebone\Barebone.csproj", "{C4D312F6-323C-4725-A455-150134CFA0A6}"
EndProject
Project("{9A19103F-16F7-4668-BE54-9A1E7A4F7556}") = "Infrastructure", "src\Infrastructure\Infrastructure.csproj", "{94E7ACF2-5207-4E9C-BCF3-D6F9F3DFB031}"
EndProject
Project("{9A19103F-16F7-4668-BE54-9A1E7A4F7556}") = "Backend.WebApp", "src\Backend.WebApp\Backend.WebApp.csproj", "{F31EEE2C-5256-4C97-9B19-6C4934E2EB65}"
EndProject
Project("{9A19103F-16F7-4668-BE54-9A1E7A4F7556}") = "Data.Abstractions", "src\Data.Abstractions\Data.Abstractions.csproj", "{D65B21F5-2661-4A55-AE2B-E6379F18CD1C}"
EndProject
Project("{9A19103F-16F7-4668-BE54-9A1E7A4F7556}") = "Data.Entities", "src\Data.Entities\Data.Entities.csproj", "{6D76F4BA-60CB-4B28-86BB-946B70BCF405}"
EndProject
Project("{9A19103F-16F7-4668-BE54-9A1E7A4F7556}") = "Data.EntityFramework.Sqlite", "src\Data.EntityFramework.Sqlite\Data.EntityFramework.Sqlite.csproj", "{2E9C14ED-6CB7-43AA-A05A-5C655347232D}"
EndProject
Project("{9A19103F-16F7-4668-BE54-9A1E7A4F7556}") = "Data.EntityFramework.SqlServer", "src\Data.EntityFramework.SQLServer\Data.EntityFramework.SqlServer.csproj", "{FBAE55C6-7E46-4066-8219-E6D3EF010464}"
EndProject
Project("{9A19103F-16F7-4668-BE54-9A1E7A4F7556}") = "Employees", "src\Employees\Employees.csproj", "{FB9A01CE-ED4E-4DF6-A362-109F30073F0A}"
EndProject
Project("{9A19103F-16F7-4668-BE54-9A1E7A4F7556}") = "Employees.Data.Abstractions", "src\Employees.Data.Abstractions\Employees.Data.Abstractions.csproj", "{87B6C14F-A0AC-482C-8FD7-94ACBB672479}"
EndProject
Project("{2150E333-8FDC-42A3-9474-1A3956D46DE8}") = "Modules", "Modules", "{DD6DDFEF-F3CF-4455-9677-E98897D6041C}"
EndProject
Project("{2150E333-8FDC-42A3-9474-1A3956D46DE8}") = "Core", "Core", "{0EC7507D-E469-4F1D-B957-2A8F5BBD093A}"
EndProject
Project("{2150E333-8FDC-42A3-9474-1A3956D46DE8}") = "Ext.Employees", "Ext.Employees", "{ADEF2C5A-EA74-44B4-A009-E1F0D961AA87}"
EndProject
Project("{9A19103F-16F7-4668-BE54-9A1E7A4F7556}") = "Employees.Data.EntityFramework.SqlServer", "src\Employees.Data.EntityFramework.SqlServer\Employees.Data.EntityFramework.SqlServer.csproj", "{FD75ACA1-894C-4D98-862A-8FDBEAD4F6EA}"
EndProject
Project("{9A19103F-16F7-4668-BE54-9A1E7A4F7556}") = "Employees.Data.Entities", "src\Employees.Data.Entities\Employees.Data.Entities.csproj", "{9BD51762-FE1E-4B5C-A4E7-1DA023BDC942}"
EndProject
Project("{2150E333-8FDC-42A3-9474-1A3956D46DE8}") = "Ext.Dashboard", "Ext.Dashboard", "{44E262A3-AAAB-45CB-8F48-F9FBCAE2D66B}"
EndProject
Project("{9A19103F-16F7-4668-BE54-9A1E7A4F7556}") = "Identity.WebApp", "src\Identity.WebApp\Identity.WebApp.csproj", "{567C9BE5-964F-41E1-8215-B231D31214F7}"
EndProject
Global
	GlobalSection(SolutionConfigurationPlatforms) = preSolution
		Debug|Any CPU = Debug|Any CPU
		Debug|x64 = Debug|x64
		Debug|x86 = Debug|x86
		Release|Any CPU = Release|Any CPU
		Release|x64 = Release|x64
		Release|x86 = Release|x86
	EndGlobalSection
	GlobalSection(ProjectConfigurationPlatforms) = postSolution
		{C4D312F6-323C-4725-A455-150134CFA0A6}.Debug|Any CPU.ActiveCfg = Debug|Any CPU
		{C4D312F6-323C-4725-A455-150134CFA0A6}.Debug|Any CPU.Build.0 = Debug|Any CPU
		{C4D312F6-323C-4725-A455-150134CFA0A6}.Debug|x64.ActiveCfg = Debug|Any CPU
		{C4D312F6-323C-4725-A455-150134CFA0A6}.Debug|x64.Build.0 = Debug|Any CPU
		{C4D312F6-323C-4725-A455-150134CFA0A6}.Debug|x86.ActiveCfg = Debug|Any CPU
		{C4D312F6-323C-4725-A455-150134CFA0A6}.Debug|x86.Build.0 = Debug|Any CPU
		{C4D312F6-323C-4725-A455-150134CFA0A6}.Release|Any CPU.ActiveCfg = Release|Any CPU
		{C4D312F6-323C-4725-A455-150134CFA0A6}.Release|Any CPU.Build.0 = Release|Any CPU
		{C4D312F6-323C-4725-A455-150134CFA0A6}.Release|x64.ActiveCfg = Release|Any CPU
		{C4D312F6-323C-4725-A455-150134CFA0A6}.Release|x64.Build.0 = Release|Any CPU
		{C4D312F6-323C-4725-A455-150134CFA0A6}.Release|x86.ActiveCfg = Release|Any CPU
		{C4D312F6-323C-4725-A455-150134CFA0A6}.Release|x86.Build.0 = Release|Any CPU
		{94E7ACF2-5207-4E9C-BCF3-D6F9F3DFB031}.Debug|Any CPU.ActiveCfg = Debug|Any CPU
		{94E7ACF2-5207-4E9C-BCF3-D6F9F3DFB031}.Debug|Any CPU.Build.0 = Debug|Any CPU
		{94E7ACF2-5207-4E9C-BCF3-D6F9F3DFB031}.Debug|x64.ActiveCfg = Debug|Any CPU
		{94E7ACF2-5207-4E9C-BCF3-D6F9F3DFB031}.Debug|x64.Build.0 = Debug|Any CPU
		{94E7ACF2-5207-4E9C-BCF3-D6F9F3DFB031}.Debug|x86.ActiveCfg = Debug|Any CPU
		{94E7ACF2-5207-4E9C-BCF3-D6F9F3DFB031}.Debug|x86.Build.0 = Debug|Any CPU
		{94E7ACF2-5207-4E9C-BCF3-D6F9F3DFB031}.Release|Any CPU.ActiveCfg = Release|Any CPU
		{94E7ACF2-5207-4E9C-BCF3-D6F9F3DFB031}.Release|Any CPU.Build.0 = Release|Any CPU
		{94E7ACF2-5207-4E9C-BCF3-D6F9F3DFB031}.Release|x64.ActiveCfg = Release|Any CPU
		{94E7ACF2-5207-4E9C-BCF3-D6F9F3DFB031}.Release|x64.Build.0 = Release|Any CPU
		{94E7ACF2-5207-4E9C-BCF3-D6F9F3DFB031}.Release|x86.ActiveCfg = Release|Any CPU
		{94E7ACF2-5207-4E9C-BCF3-D6F9F3DFB031}.Release|x86.Build.0 = Release|Any CPU
		{F31EEE2C-5256-4C97-9B19-6C4934E2EB65}.Debug|Any CPU.ActiveCfg = Debug|Any CPU
		{F31EEE2C-5256-4C97-9B19-6C4934E2EB65}.Debug|Any CPU.Build.0 = Debug|Any CPU
		{F31EEE2C-5256-4C97-9B19-6C4934E2EB65}.Debug|x64.ActiveCfg = Debug|Any CPU
		{F31EEE2C-5256-4C97-9B19-6C4934E2EB65}.Debug|x64.Build.0 = Debug|Any CPU
		{F31EEE2C-5256-4C97-9B19-6C4934E2EB65}.Debug|x86.ActiveCfg = Debug|Any CPU
		{F31EEE2C-5256-4C97-9B19-6C4934E2EB65}.Debug|x86.Build.0 = Debug|Any CPU
		{F31EEE2C-5256-4C97-9B19-6C4934E2EB65}.Release|Any CPU.ActiveCfg = Release|Any CPU
		{F31EEE2C-5256-4C97-9B19-6C4934E2EB65}.Release|Any CPU.Build.0 = Release|Any CPU
		{F31EEE2C-5256-4C97-9B19-6C4934E2EB65}.Release|x64.ActiveCfg = Release|Any CPU
		{F31EEE2C-5256-4C97-9B19-6C4934E2EB65}.Release|x64.Build.0 = Release|Any CPU
		{F31EEE2C-5256-4C97-9B19-6C4934E2EB65}.Release|x86.ActiveCfg = Release|Any CPU
		{F31EEE2C-5256-4C97-9B19-6C4934E2EB65}.Release|x86.Build.0 = Release|Any CPU
		{D65B21F5-2661-4A55-AE2B-E6379F18CD1C}.Debug|Any CPU.ActiveCfg = Debug|Any CPU
		{D65B21F5-2661-4A55-AE2B-E6379F18CD1C}.Debug|Any CPU.Build.0 = Debug|Any CPU
		{D65B21F5-2661-4A55-AE2B-E6379F18CD1C}.Debug|x64.ActiveCfg = Debug|Any CPU
		{D65B21F5-2661-4A55-AE2B-E6379F18CD1C}.Debug|x64.Build.0 = Debug|Any CPU
		{D65B21F5-2661-4A55-AE2B-E6379F18CD1C}.Debug|x86.ActiveCfg = Debug|Any CPU
		{D65B21F5-2661-4A55-AE2B-E6379F18CD1C}.Debug|x86.Build.0 = Debug|Any CPU
		{D65B21F5-2661-4A55-AE2B-E6379F18CD1C}.Release|Any CPU.ActiveCfg = Release|Any CPU
		{D65B21F5-2661-4A55-AE2B-E6379F18CD1C}.Release|Any CPU.Build.0 = Release|Any CPU
		{D65B21F5-2661-4A55-AE2B-E6379F18CD1C}.Release|x64.ActiveCfg = Release|Any CPU
		{D65B21F5-2661-4A55-AE2B-E6379F18CD1C}.Release|x64.Build.0 = Release|Any CPU
		{D65B21F5-2661-4A55-AE2B-E6379F18CD1C}.Release|x86.ActiveCfg = Release|Any CPU
		{D65B21F5-2661-4A55-AE2B-E6379F18CD1C}.Release|x86.Build.0 = Release|Any CPU
		{6D76F4BA-60CB-4B28-86BB-946B70BCF405}.Debug|Any CPU.ActiveCfg = Debug|Any CPU
		{6D76F4BA-60CB-4B28-86BB-946B70BCF405}.Debug|Any CPU.Build.0 = Debug|Any CPU
		{6D76F4BA-60CB-4B28-86BB-946B70BCF405}.Debug|x64.ActiveCfg = Debug|Any CPU
		{6D76F4BA-60CB-4B28-86BB-946B70BCF405}.Debug|x64.Build.0 = Debug|Any CPU
		{6D76F4BA-60CB-4B28-86BB-946B70BCF405}.Debug|x86.ActiveCfg = Debug|Any CPU
		{6D76F4BA-60CB-4B28-86BB-946B70BCF405}.Debug|x86.Build.0 = Debug|Any CPU
		{6D76F4BA-60CB-4B28-86BB-946B70BCF405}.Release|Any CPU.ActiveCfg = Release|Any CPU
		{6D76F4BA-60CB-4B28-86BB-946B70BCF405}.Release|Any CPU.Build.0 = Release|Any CPU
		{6D76F4BA-60CB-4B28-86BB-946B70BCF405}.Release|x64.ActiveCfg = Release|Any CPU
		{6D76F4BA-60CB-4B28-86BB-946B70BCF405}.Release|x64.Build.0 = Release|Any CPU
		{6D76F4BA-60CB-4B28-86BB-946B70BCF405}.Release|x86.ActiveCfg = Release|Any CPU
		{6D76F4BA-60CB-4B28-86BB-946B70BCF405}.Release|x86.Build.0 = Release|Any CPU
		{2E9C14ED-6CB7-43AA-A05A-5C655347232D}.Debug|Any CPU.ActiveCfg = Debug|Any CPU
		{2E9C14ED-6CB7-43AA-A05A-5C655347232D}.Debug|Any CPU.Build.0 = Debug|Any CPU
		{2E9C14ED-6CB7-43AA-A05A-5C655347232D}.Debug|x64.ActiveCfg = Debug|Any CPU
		{2E9C14ED-6CB7-43AA-A05A-5C655347232D}.Debug|x64.Build.0 = Debug|Any CPU
		{2E9C14ED-6CB7-43AA-A05A-5C655347232D}.Debug|x86.ActiveCfg = Debug|Any CPU
		{2E9C14ED-6CB7-43AA-A05A-5C655347232D}.Debug|x86.Build.0 = Debug|Any CPU
		{2E9C14ED-6CB7-43AA-A05A-5C655347232D}.Release|Any CPU.ActiveCfg = Release|Any CPU
		{2E9C14ED-6CB7-43AA-A05A-5C655347232D}.Release|Any CPU.Build.0 = Release|Any CPU
		{2E9C14ED-6CB7-43AA-A05A-5C655347232D}.Release|x64.ActiveCfg = Release|Any CPU
		{2E9C14ED-6CB7-43AA-A05A-5C655347232D}.Release|x64.Build.0 = Release|Any CPU
		{2E9C14ED-6CB7-43AA-A05A-5C655347232D}.Release|x86.ActiveCfg = Release|Any CPU
		{2E9C14ED-6CB7-43AA-A05A-5C655347232D}.Release|x86.Build.0 = Release|Any CPU
		{FBAE55C6-7E46-4066-8219-E6D3EF010464}.Debug|Any CPU.ActiveCfg = Debug|Any CPU
		{FBAE55C6-7E46-4066-8219-E6D3EF010464}.Debug|Any CPU.Build.0 = Debug|Any CPU
		{FBAE55C6-7E46-4066-8219-E6D3EF010464}.Debug|x64.ActiveCfg = Debug|Any CPU
		{FBAE55C6-7E46-4066-8219-E6D3EF010464}.Debug|x64.Build.0 = Debug|Any CPU
		{FBAE55C6-7E46-4066-8219-E6D3EF010464}.Debug|x86.ActiveCfg = Debug|Any CPU
		{FBAE55C6-7E46-4066-8219-E6D3EF010464}.Debug|x86.Build.0 = Debug|Any CPU
		{FBAE55C6-7E46-4066-8219-E6D3EF010464}.Release|Any CPU.ActiveCfg = Release|Any CPU
		{FBAE55C6-7E46-4066-8219-E6D3EF010464}.Release|Any CPU.Build.0 = Release|Any CPU
		{FBAE55C6-7E46-4066-8219-E6D3EF010464}.Release|x64.ActiveCfg = Release|Any CPU
		{FBAE55C6-7E46-4066-8219-E6D3EF010464}.Release|x64.Build.0 = Release|Any CPU
		{FBAE55C6-7E46-4066-8219-E6D3EF010464}.Release|x86.ActiveCfg = Release|Any CPU
		{FBAE55C6-7E46-4066-8219-E6D3EF010464}.Release|x86.Build.0 = Release|Any CPU
		{FB9A01CE-ED4E-4DF6-A362-109F30073F0A}.Debug|Any CPU.ActiveCfg = Debug|Any CPU
		{FB9A01CE-ED4E-4DF6-A362-109F30073F0A}.Debug|Any CPU.Build.0 = Debug|Any CPU
		{FB9A01CE-ED4E-4DF6-A362-109F30073F0A}.Debug|x64.ActiveCfg = Debug|Any CPU
		{FB9A01CE-ED4E-4DF6-A362-109F30073F0A}.Debug|x64.Build.0 = Debug|Any CPU
		{FB9A01CE-ED4E-4DF6-A362-109F30073F0A}.Debug|x86.ActiveCfg = Debug|Any CPU
		{FB9A01CE-ED4E-4DF6-A362-109F30073F0A}.Debug|x86.Build.0 = Debug|Any CPU
		{FB9A01CE-ED4E-4DF6-A362-109F30073F0A}.Release|Any CPU.ActiveCfg = Release|Any CPU
		{FB9A01CE-ED4E-4DF6-A362-109F30073F0A}.Release|Any CPU.Build.0 = Release|Any CPU
		{FB9A01CE-ED4E-4DF6-A362-109F30073F0A}.Release|x64.ActiveCfg = Release|Any CPU
		{FB9A01CE-ED4E-4DF6-A362-109F30073F0A}.Release|x64.Build.0 = Release|Any CPU
		{FB9A01CE-ED4E-4DF6-A362-109F30073F0A}.Release|x86.ActiveCfg = Release|Any CPU
		{FB9A01CE-ED4E-4DF6-A362-109F30073F0A}.Release|x86.Build.0 = Release|Any CPU
		{87B6C14F-A0AC-482C-8FD7-94ACBB672479}.Debug|Any CPU.ActiveCfg = Debug|Any CPU
		{87B6C14F-A0AC-482C-8FD7-94ACBB672479}.Debug|Any CPU.Build.0 = Debug|Any CPU
		{87B6C14F-A0AC-482C-8FD7-94ACBB672479}.Debug|x64.ActiveCfg = Debug|Any CPU
		{87B6C14F-A0AC-482C-8FD7-94ACBB672479}.Debug|x64.Build.0 = Debug|Any CPU
		{87B6C14F-A0AC-482C-8FD7-94ACBB672479}.Debug|x86.ActiveCfg = Debug|Any CPU
		{87B6C14F-A0AC-482C-8FD7-94ACBB672479}.Debug|x86.Build.0 = Debug|Any CPU
		{87B6C14F-A0AC-482C-8FD7-94ACBB672479}.Release|Any CPU.ActiveCfg = Release|Any CPU
		{87B6C14F-A0AC-482C-8FD7-94ACBB672479}.Release|Any CPU.Build.0 = Release|Any CPU
		{87B6C14F-A0AC-482C-8FD7-94ACBB672479}.Release|x64.ActiveCfg = Release|Any CPU
		{87B6C14F-A0AC-482C-8FD7-94ACBB672479}.Release|x64.Build.0 = Release|Any CPU
		{87B6C14F-A0AC-482C-8FD7-94ACBB672479}.Release|x86.ActiveCfg = Release|Any CPU
		{87B6C14F-A0AC-482C-8FD7-94ACBB672479}.Release|x86.Build.0 = Release|Any CPU
		{FD75ACA1-894C-4D98-862A-8FDBEAD4F6EA}.Debug|Any CPU.ActiveCfg = Debug|Any CPU
		{FD75ACA1-894C-4D98-862A-8FDBEAD4F6EA}.Debug|Any CPU.Build.0 = Debug|Any CPU
		{FD75ACA1-894C-4D98-862A-8FDBEAD4F6EA}.Debug|x64.ActiveCfg = Debug|Any CPU
		{FD75ACA1-894C-4D98-862A-8FDBEAD4F6EA}.Debug|x64.Build.0 = Debug|Any CPU
		{FD75ACA1-894C-4D98-862A-8FDBEAD4F6EA}.Debug|x86.ActiveCfg = Debug|Any CPU
		{FD75ACA1-894C-4D98-862A-8FDBEAD4F6EA}.Debug|x86.Build.0 = Debug|Any CPU
		{FD75ACA1-894C-4D98-862A-8FDBEAD4F6EA}.Release|Any CPU.ActiveCfg = Release|Any CPU
		{FD75ACA1-894C-4D98-862A-8FDBEAD4F6EA}.Release|Any CPU.Build.0 = Release|Any CPU
		{FD75ACA1-894C-4D98-862A-8FDBEAD4F6EA}.Release|x64.ActiveCfg = Release|Any CPU
		{FD75ACA1-894C-4D98-862A-8FDBEAD4F6EA}.Release|x64.Build.0 = Release|Any CPU
		{FD75ACA1-894C-4D98-862A-8FDBEAD4F6EA}.Release|x86.ActiveCfg = Release|Any CPU
		{FD75ACA1-894C-4D98-862A-8FDBEAD4F6EA}.Release|x86.Build.0 = Release|Any CPU
		{9BD51762-FE1E-4B5C-A4E7-1DA023BDC942}.Debug|Any CPU.ActiveCfg = Debug|Any CPU
		{9BD51762-FE1E-4B5C-A4E7-1DA023BDC942}.Debug|Any CPU.Build.0 = Debug|Any CPU
		{9BD51762-FE1E-4B5C-A4E7-1DA023BDC942}.Debug|x64.ActiveCfg = Debug|Any CPU
		{9BD51762-FE1E-4B5C-A4E7-1DA023BDC942}.Debug|x64.Build.0 = Debug|Any CPU
		{9BD51762-FE1E-4B5C-A4E7-1DA023BDC942}.Debug|x86.ActiveCfg = Debug|Any CPU
		{9BD51762-FE1E-4B5C-A4E7-1DA023BDC942}.Debug|x86.Build.0 = Debug|Any CPU
		{9BD51762-FE1E-4B5C-A4E7-1DA023BDC942}.Release|Any CPU.ActiveCfg = Release|Any CPU
		{9BD51762-FE1E-4B5C-A4E7-1DA023BDC942}.Release|Any CPU.Build.0 = Release|Any CPU
		{9BD51762-FE1E-4B5C-A4E7-1DA023BDC942}.Release|x64.ActiveCfg = Release|Any CPU
		{9BD51762-FE1E-4B5C-A4E7-1DA023BDC942}.Release|x64.Build.0 = Release|Any CPU
		{9BD51762-FE1E-4B5C-A4E7-1DA023BDC942}.Release|x86.ActiveCfg = Release|Any CPU
		{9BD51762-FE1E-4B5C-A4E7-1DA023BDC942}.Release|x86.Build.0 = Release|Any CPU
		{567C9BE5-964F-41E1-8215-B231D31214F7}.Debug|Any CPU.ActiveCfg = Debug|Any CPU
		{567C9BE5-964F-41E1-8215-B231D31214F7}.Debug|Any CPU.Build.0 = Debug|Any CPU
		{567C9BE5-964F-41E1-8215-B231D31214F7}.Debug|x64.ActiveCfg = Debug|Any CPU
		{567C9BE5-964F-41E1-8215-B231D31214F7}.Debug|x64.Build.0 = Debug|Any CPU
		{567C9BE5-964F-41E1-8215-B231D31214F7}.Debug|x86.ActiveCfg = Debug|Any CPU
		{567C9BE5-964F-41E1-8215-B231D31214F7}.Debug|x86.Build.0 = Debug|Any CPU
		{567C9BE5-964F-41E1-8215-B231D31214F7}.Release|Any CPU.ActiveCfg = Release|Any CPU
		{567C9BE5-964F-41E1-8215-B231D31214F7}.Release|Any CPU.Build.0 = Release|Any CPU
		{567C9BE5-964F-41E1-8215-B231D31214F7}.Release|x64.ActiveCfg = Release|Any CPU
		{567C9BE5-964F-41E1-8215-B231D31214F7}.Release|x64.Build.0 = Release|Any CPU
		{567C9BE5-964F-41E1-8215-B231D31214F7}.Release|x86.ActiveCfg = Release|Any CPU
		{567C9BE5-964F-41E1-8215-B231D31214F7}.Release|x86.Build.0 = Release|Any CPU
	EndGlobalSection
	GlobalSection(SolutionProperties) = preSolution
		HideSolutionNode = FALSE
	EndGlobalSection
	GlobalSection(NestedProjects) = preSolution
		{C4D312F6-323C-4725-A455-150134CFA0A6} = {0EC7507D-E469-4F1D-B957-2A8F5BBD093A}
		{94E7ACF2-5207-4E9C-BCF3-D6F9F3DFB031} = {0EC7507D-E469-4F1D-B957-2A8F5BBD093A}
		{F31EEE2C-5256-4C97-9B19-6C4934E2EB65} = {EA40BEEA-7A2B-4F87-9714-88766D8B3BCA}
		{D65B21F5-2661-4A55-AE2B-E6379F18CD1C} = {0EC7507D-E469-4F1D-B957-2A8F5BBD093A}
		{6D76F4BA-60CB-4B28-86BB-946B70BCF405} = {0EC7507D-E469-4F1D-B957-2A8F5BBD093A}
		{2E9C14ED-6CB7-43AA-A05A-5C655347232D} = {0EC7507D-E469-4F1D-B957-2A8F5BBD093A}
		{FBAE55C6-7E46-4066-8219-E6D3EF010464} = {0EC7507D-E469-4F1D-B957-2A8F5BBD093A}
		{FB9A01CE-ED4E-4DF6-A362-109F30073F0A} = {ADEF2C5A-EA74-44B4-A009-E1F0D961AA87}
		{87B6C14F-A0AC-482C-8FD7-94ACBB672479} = {ADEF2C5A-EA74-44B4-A009-E1F0D961AA87}
		{DD6DDFEF-F3CF-4455-9677-E98897D6041C} = {EA40BEEA-7A2B-4F87-9714-88766D8B3BCA}
		{0EC7507D-E469-4F1D-B957-2A8F5BBD093A} = {EA40BEEA-7A2B-4F87-9714-88766D8B3BCA}
		{ADEF2C5A-EA74-44B4-A009-E1F0D961AA87} = {DD6DDFEF-F3CF-4455-9677-E98897D6041C}
		{FD75ACA1-894C-4D98-862A-8FDBEAD4F6EA} = {ADEF2C5A-EA74-44B4-A009-E1F0D961AA87}
		{9BD51762-FE1E-4B5C-A4E7-1DA023BDC942} = {ADEF2C5A-EA74-44B4-A009-E1F0D961AA87}
		{44E262A3-AAAB-45CB-8F48-F9FBCAE2D66B} = {DD6DDFEF-F3CF-4455-9677-E98897D6041C}
		{567C9BE5-964F-41E1-8215-B231D31214F7} = {EA40BEEA-7A2B-4F87-9714-88766D8B3BCA}
	EndGlobalSection
	GlobalSection(ExtensibilityGlobals) = postSolution
		SolutionGuid = {BEC82AD5-463D-49C9-9CA6-567654BD4FEF}
	EndGlobalSection
EndGlobal
